// !$*UTF8*$!
{
	archiveVersion = 1;
	classes = {
	};
	objectVersion = 46;
	objects = {

/* Begin PBXBuildFile section */
		2916D46A1B2D225200937EFE /* AppDelegate.swift in Sources */ = {isa = PBXBuildFile; fileRef = 2916D4691B2D225200937EFE /* AppDelegate.swift */; };
		2916D46D1B2D225200937EFE /* Bittracker.xcdatamodeld in Sources */ = {isa = PBXBuildFile; fileRef = 2916D46B1B2D225200937EFE /* Bittracker.xcdatamodeld */; };
		2916D4721B2D225200937EFE /* Main.storyboard in Resources */ = {isa = PBXBuildFile; fileRef = 2916D4701B2D225200937EFE /* Main.storyboard */; };
		2916D4741B2D225200937EFE /* Images.xcassets in Resources */ = {isa = PBXBuildFile; fileRef = 2916D4731B2D225200937EFE /* Images.xcassets */; };
		2916D4771B2D225200937EFE /* LaunchScreen.xib in Resources */ = {isa = PBXBuildFile; fileRef = 2916D4751B2D225200937EFE /* LaunchScreen.xib */; };
		2916D4831B2D225200937EFE /* BittrackerTests.swift in Sources */ = {isa = PBXBuildFile; fileRef = 2916D4821B2D225200937EFE /* BittrackerTests.swift */; };
		56D6A599188E57A2FED0E12E /* Pods_Bittracker.framework in Frameworks */ = {isa = PBXBuildFile; fileRef = 188722E5C576F8085086B25E /* Pods_Bittracker.framework */; settings = {ATTRIBUTES = (Weak, ); }; };
		772F8D9B1B52833100102616 /* News.swift in Sources */ = {isa = PBXBuildFile; fileRef = 772F8D9A1B52833100102616 /* News.swift */; };
		77994BB41B510A6400C15B0C /* BTCTJSONParser.swift in Sources */ = {isa = PBXBuildFile; fileRef = 77994BB31B510A6400C15B0C /* BTCTJSONParser.swift */; };
		77D3EDBF1B42DDB50029A0BB /* BTCTTopNewsTableViewController.swift in Sources */ = {isa = PBXBuildFile; fileRef = 77D3EDBE1B42DDB50029A0BB /* BTCTTopNewsTableViewController.swift */; };
		77D3EDC11B42DDF60029A0BB /* BTCTNewsViewController.swift in Sources */ = {isa = PBXBuildFile; fileRef = 77D3EDC01B42DDF60029A0BB /* BTCTNewsViewController.swift */; };
		77DDB1741B52B6ED007B6787 /* BTCTTopNewsTableViewCustomCell.swift in Sources */ = {isa = PBXBuildFile; fileRef = 77DDB1731B52B6ED007B6787 /* BTCTTopNewsTableViewCustomCell.swift */; };
/* End PBXBuildFile section */

/* Begin PBXContainerItemProxy section */
		2916D47D1B2D225200937EFE /* PBXContainerItemProxy */ = {
			isa = PBXContainerItemProxy;
			containerPortal = 2916D45C1B2D225200937EFE /* Project object */;
			proxyType = 1;
			remoteGlobalIDString = 2916D4631B2D225200937EFE;
			remoteInfo = Bittracker;
		};
/* End PBXContainerItemProxy section */

/* Begin PBXFileReference section */
		188722E5C576F8085086B25E /* Pods_Bittracker.framework */ = {isa = PBXFileReference; explicitFileType = wrapper.framework; includeInIndex = 0; path = Pods_Bittracker.framework; sourceTree = BUILT_PRODUCTS_DIR; };
		2916D4641B2D225200937EFE /* Bittracker.app */ = {isa = PBXFileReference; explicitFileType = wrapper.application; includeInIndex = 0; path = Bittracker.app; sourceTree = BUILT_PRODUCTS_DIR; };
		2916D4681B2D225200937EFE /* Info.plist */ = {isa = PBXFileReference; lastKnownFileType = text.plist.xml; path = Info.plist; sourceTree = "<group>"; };
		2916D4691B2D225200937EFE /* AppDelegate.swift */ = {isa = PBXFileReference; lastKnownFileType = sourcecode.swift; path = AppDelegate.swift; sourceTree = "<group>"; };
		2916D46C1B2D225200937EFE /* Bittracker.xcdatamodel */ = {isa = PBXFileReference; lastKnownFileType = wrapper.xcdatamodel; path = Bittracker.xcdatamodel; sourceTree = "<group>"; };
		2916D4711B2D225200937EFE /* Base */ = {isa = PBXFileReference; lastKnownFileType = file.storyboard; name = Base; path = Base.lproj/Main.storyboard; sourceTree = "<group>"; };
		2916D4731B2D225200937EFE /* Images.xcassets */ = {isa = PBXFileReference; lastKnownFileType = folder.assetcatalog; path = Images.xcassets; sourceTree = "<group>"; };
		2916D4761B2D225200937EFE /* Base */ = {isa = PBXFileReference; lastKnownFileType = file.xib; name = Base; path = Base.lproj/LaunchScreen.xib; sourceTree = "<group>"; };
		2916D47C1B2D225200937EFE /* BittrackerTests.xctest */ = {isa = PBXFileReference; explicitFileType = wrapper.cfbundle; includeInIndex = 0; path = BittrackerTests.xctest; sourceTree = BUILT_PRODUCTS_DIR; };
		2916D4811B2D225200937EFE /* Info.plist */ = {isa = PBXFileReference; lastKnownFileType = text.plist.xml; path = Info.plist; sourceTree = "<group>"; };
		2916D4821B2D225200937EFE /* BittrackerTests.swift */ = {isa = PBXFileReference; lastKnownFileType = sourcecode.swift; path = BittrackerTests.swift; sourceTree = "<group>"; };
		772F8D9A1B52833100102616 /* News.swift */ = {isa = PBXFileReference; fileEncoding = 4; lastKnownFileType = sourcecode.swift; path = News.swift; sourceTree = "<group>"; };
		77994BB31B510A6400C15B0C /* BTCTJSONParser.swift */ = {isa = PBXFileReference; fileEncoding = 4; lastKnownFileType = sourcecode.swift; path = BTCTJSONParser.swift; sourceTree = "<group>"; };
		77D3EDBE1B42DDB50029A0BB /* BTCTTopNewsTableViewController.swift */ = {isa = PBXFileReference; fileEncoding = 4; lastKnownFileType = sourcecode.swift; path = BTCTTopNewsTableViewController.swift; sourceTree = "<group>"; };
		77D3EDC01B42DDF60029A0BB /* BTCTNewsViewController.swift */ = {isa = PBXFileReference; fileEncoding = 4; lastKnownFileType = sourcecode.swift; path = BTCTNewsViewController.swift; sourceTree = "<group>"; };
		77DDB1731B52B6ED007B6787 /* BTCTTopNewsTableViewCustomCell.swift */ = {isa = PBXFileReference; fileEncoding = 4; lastKnownFileType = sourcecode.swift; path = BTCTTopNewsTableViewCustomCell.swift; sourceTree = "<group>"; };
		8B2453CA275195DEE3796D3D /* Pods-Bittracker.release.xcconfig */ = {isa = PBXFileReference; includeInIndex = 1; lastKnownFileType = text.xcconfig; name = "Pods-Bittracker.release.xcconfig"; path = "Pods/Target Support Files/Pods-Bittracker/Pods-Bittracker.release.xcconfig"; sourceTree = "<group>"; };
		E5A18395088117B9C8D80349 /* Pods-Bittracker.debug.xcconfig */ = {isa = PBXFileReference; includeInIndex = 1; lastKnownFileType = text.xcconfig; name = "Pods-Bittracker.debug.xcconfig"; path = "Pods/Target Support Files/Pods-Bittracker/Pods-Bittracker.debug.xcconfig"; sourceTree = "<group>"; };
/* End PBXFileReference section */

/* Begin PBXFrameworksBuildPhase section */
		2916D4611B2D225200937EFE /* Frameworks */ = {
			isa = PBXFrameworksBuildPhase;
			buildActionMask = 2147483647;
			files = (
				56D6A599188E57A2FED0E12E /* Pods_Bittracker.framework in Frameworks */,
			);
			runOnlyForDeploymentPostprocessing = 0;
		};
		2916D4791B2D225200937EFE /* Frameworks */ = {
			isa = PBXFrameworksBuildPhase;
			buildActionMask = 2147483647;
			files = (
			);
			runOnlyForDeploymentPostprocessing = 0;
		};
/* End PBXFrameworksBuildPhase section */

/* Begin PBXGroup section */
		2916D45B1B2D225200937EFE = {
			isa = PBXGroup;
			children = (
				2916D4661B2D225200937EFE /* Bittracker */,
				2916D47F1B2D225200937EFE /* BittrackerTests */,
				2916D4651B2D225200937EFE /* Products */,
				F8C002993C706491BF7CE99B /* Pods */,
				76DA9B4BB0724B08E887006F /* Frameworks */,
			);
			sourceTree = "<group>";
		};
		2916D4651B2D225200937EFE /* Products */ = {
			isa = PBXGroup;
			children = (
				2916D4641B2D225200937EFE /* Bittracker.app */,
				2916D47C1B2D225200937EFE /* BittrackerTests.xctest */,
			);
			name = Products;
			sourceTree = "<group>";
		};
		2916D4661B2D225200937EFE /* Bittracker */ = {
			isa = PBXGroup;
			children = (
				293CA8021B9C9E0600BCEF63 /* ViewController */,
				77D3EDBE1B42DDB50029A0BB /* BTCTTopNewsTableViewController.swift */,
				77D3EDC01B42DDF60029A0BB /* BTCTNewsViewController.swift */,
				77DDB1701B52B4C3007B6787 /* View */,
				772F8D991B5282F800102616 /* Model */,
				2916D4691B2D225200937EFE /* AppDelegate.swift */,
				2916D4701B2D225200937EFE /* Main.storyboard */,
				2916D4731B2D225200937EFE /* Images.xcassets */,
				2916D4751B2D225200937EFE /* LaunchScreen.xib */,
				2916D46B1B2D225200937EFE /* Bittracker.xcdatamodeld */,
				2916D4671B2D225200937EFE /* Supporting Files */,
				77994BB31B510A6400C15B0C /* BTCTJSONParser.swift */,
			);
			path = Bittracker;
			sourceTree = "<group>";
		};
		2916D4671B2D225200937EFE /* Supporting Files */ = {
			isa = PBXGroup;
			children = (
				2916D4681B2D225200937EFE /* Info.plist */,
			);
			name = "Supporting Files";
			sourceTree = "<group>";
		};
		2916D47F1B2D225200937EFE /* BittrackerTests */ = {
			isa = PBXGroup;
			children = (
				2916D4821B2D225200937EFE /* BittrackerTests.swift */,
				2916D4801B2D225200937EFE /* Supporting Files */,
			);
			path = BittrackerTests;
			sourceTree = "<group>";
		};
		2916D4801B2D225200937EFE /* Supporting Files */ = {
			isa = PBXGroup;
			children = (
				2916D4811B2D225200937EFE /* Info.plist */,
			);
			name = "Supporting Files";
			sourceTree = "<group>";
		};
		293CA8021B9C9E0600BCEF63 /* ViewController */ = {
			isa = PBXGroup;
			children = (
			);
			name = ViewController;
			sourceTree = "<group>";
		};
		76DA9B4BB0724B08E887006F /* Frameworks */ = {
			isa = PBXGroup;
			children = (
				188722E5C576F8085086B25E /* Pods_Bittracker.framework */,
			);
			name = Frameworks;
			sourceTree = "<group>";
		};
		772F8D991B5282F800102616 /* Model */ = {
			isa = PBXGroup;
			children = (
				772F8D9A1B52833100102616 /* News.swift */,
			);
			name = Model;
			sourceTree = "<group>";
		};
		77DDB1701B52B4C3007B6787 /* View */ = {
			isa = PBXGroup;
			children = (
				77DDB1731B52B6ED007B6787 /* BTCTTopNewsTableViewCustomCell.swift */,
			);
			name = View;
			sourceTree = "<group>";
		};
		F8C002993C706491BF7CE99B /* Pods */ = {
			isa = PBXGroup;
			children = (
				E5A18395088117B9C8D80349 /* Pods-Bittracker.debug.xcconfig */,
				8B2453CA275195DEE3796D3D /* Pods-Bittracker.release.xcconfig */,
			);
			name = Pods;
			sourceTree = "<group>";
		};
/* End PBXGroup section */

/* Begin PBXNativeTarget section */
		2916D4631B2D225200937EFE /* Bittracker */ = {
			isa = PBXNativeTarget;
			buildConfigurationList = 2916D4861B2D225200937EFE /* Build configuration list for PBXNativeTarget "Bittracker" */;
			buildPhases = (
				F5B119927EB88FB0CB368E75 /* Check Pods Manifest.lock */,
				2916D4601B2D225200937EFE /* Sources */,
				2916D4611B2D225200937EFE /* Frameworks */,
				2916D4621B2D225200937EFE /* Resources */,
				ED141249686495AD3032F03E /* Copy Pods Resources */,
				DD33EA77DC42AE454A461139 /* Embed Pods Frameworks */,
			);
			buildRules = (
			);
			dependencies = (
			);
			name = Bittracker;
			productName = Bittracker;
			productReference = 2916D4641B2D225200937EFE /* Bittracker.app */;
			productType = "com.apple.product-type.application";
		};
		2916D47B1B2D225200937EFE /* BittrackerTests */ = {
			isa = PBXNativeTarget;
			buildConfigurationList = 2916D4891B2D225200937EFE /* Build configuration list for PBXNativeTarget "BittrackerTests" */;
			buildPhases = (
				2916D4781B2D225200937EFE /* Sources */,
				2916D4791B2D225200937EFE /* Frameworks */,
				2916D47A1B2D225200937EFE /* Resources */,
			);
			buildRules = (
			);
			dependencies = (
				2916D47E1B2D225200937EFE /* PBXTargetDependency */,
			);
			name = BittrackerTests;
			productName = BittrackerTests;
			productReference = 2916D47C1B2D225200937EFE /* BittrackerTests.xctest */;
			productType = "com.apple.product-type.bundle.unit-test";
		};
/* End PBXNativeTarget section */

/* Begin PBXProject section */
		2916D45C1B2D225200937EFE /* Project object */ = {
			isa = PBXProject;
			attributes = {
				CLASSPREFIX = BTCT;
				LastUpgradeCheck = 0630;
				ORGANIZATIONNAME = "高橋 誠二";
				TargetAttributes = {
					2916D4631B2D225200937EFE = {
						CreatedOnToolsVersion = 6.3.2;
					};
					2916D47B1B2D225200937EFE = {
						CreatedOnToolsVersion = 6.3.2;
						TestTargetID = 2916D4631B2D225200937EFE;
					};
				};
			};
			buildConfigurationList = 2916D45F1B2D225200937EFE /* Build configuration list for PBXProject "Bittracker" */;
			compatibilityVersion = "Xcode 3.2";
			developmentRegion = English;
			hasScannedForEncodings = 0;
			knownRegions = (
				en,
				Base,
			);
			mainGroup = 2916D45B1B2D225200937EFE;
			productRefGroup = 2916D4651B2D225200937EFE /* Products */;
			projectDirPath = "";
			projectRoot = "";
			targets = (
				2916D4631B2D225200937EFE /* Bittracker */,
				2916D47B1B2D225200937EFE /* BittrackerTests */,
			);
		};
/* End PBXProject section */

/* Begin PBXResourcesBuildPhase section */
		2916D4621B2D225200937EFE /* Resources */ = {
			isa = PBXResourcesBuildPhase;
			buildActionMask = 2147483647;
			files = (
				2916D4721B2D225200937EFE /* Main.storyboard in Resources */,
				2916D4771B2D225200937EFE /* LaunchScreen.xib in Resources */,
				2916D4741B2D225200937EFE /* Images.xcassets in Resources */,
			);
			runOnlyForDeploymentPostprocessing = 0;
		};
		2916D47A1B2D225200937EFE /* Resources */ = {
			isa = PBXResourcesBuildPhase;
			buildActionMask = 2147483647;
			files = (
			);
			runOnlyForDeploymentPostprocessing = 0;
		};
/* End PBXResourcesBuildPhase section */

/* Begin PBXShellScriptBuildPhase section */
		DD33EA77DC42AE454A461139 /* Embed Pods Frameworks */ = {
			isa = PBXShellScriptBuildPhase;
			buildActionMask = 2147483647;
			files = (
			);
			inputPaths = (
			);
			name = "Embed Pods Frameworks";
			outputPaths = (
			);
			runOnlyForDeploymentPostprocessing = 0;
			shellPath = /bin/sh;
			shellScript = "\"${SRCROOT}/Pods/Target Support Files/Pods-Bittracker/Pods-Bittracker-frameworks.sh\"\n";
			showEnvVarsInLog = 0;
		};
		ED141249686495AD3032F03E /* Copy Pods Resources */ = {
			isa = PBXShellScriptBuildPhase;
			buildActionMask = 2147483647;
			files = (
			);
			inputPaths = (
			);
			name = "Copy Pods Resources";
			outputPaths = (
			);
			runOnlyForDeploymentPostprocessing = 0;
			shellPath = /bin/sh;
			shellScript = "\"${SRCROOT}/Pods/Target Support Files/Pods-Bittracker/Pods-Bittracker-resources.sh\"\n";
			showEnvVarsInLog = 0;
		};
		F5B119927EB88FB0CB368E75 /* Check Pods Manifest.lock */ = {
			isa = PBXShellScriptBuildPhase;
			buildActionMask = 2147483647;
			files = (
			);
			inputPaths = (
			);
			name = "Check Pods Manifest.lock";
			outputPaths = (
			);
			runOnlyForDeploymentPostprocessing = 0;
			shellPath = /bin/sh;
			shellScript = "diff \"${PODS_ROOT}/../Podfile.lock\" \"${PODS_ROOT}/Manifest.lock\" > /dev/null\nif [[ $? != 0 ]] ; then\n    cat << EOM\nerror: The sandbox is not in sync with the Podfile.lock. Run 'pod install' or update your CocoaPods installation.\nEOM\n    exit 1\nfi\n";
			showEnvVarsInLog = 0;
		};
/* End PBXShellScriptBuildPhase section */

/* Begin PBXSourcesBuildPhase section */
		2916D4601B2D225200937EFE /* Sources */ = {
			isa = PBXSourcesBuildPhase;
			buildActionMask = 2147483647;
			files = (
				77DDB1741B52B6ED007B6787 /* BTCTTopNewsTableViewCustomCell.swift in Sources */,
				772F8D9B1B52833100102616 /* News.swift in Sources */,
				77994BB41B510A6400C15B0C /* BTCTJSONParser.swift in Sources */,
				77D3EDC11B42DDF60029A0BB /* BTCTNewsViewController.swift in Sources */,
				2916D46D1B2D225200937EFE /* Bittracker.xcdatamodeld in Sources */,
				2916D46A1B2D225200937EFE /* AppDelegate.swift in Sources */,
				77D3EDBF1B42DDB50029A0BB /* BTCTTopNewsTableViewController.swift in Sources */,
			);
			runOnlyForDeploymentPostprocessing = 0;
		};
		2916D4781B2D225200937EFE /* Sources */ = {
			isa = PBXSourcesBuildPhase;
			buildActionMask = 2147483647;
			files = (
				2916D4831B2D225200937EFE /* BittrackerTests.swift in Sources */,
			);
			runOnlyForDeploymentPostprocessing = 0;
		};
/* End PBXSourcesBuildPhase section */

/* Begin PBXTargetDependency section */
		2916D47E1B2D225200937EFE /* PBXTargetDependency */ = {
			isa = PBXTargetDependency;
			target = 2916D4631B2D225200937EFE /* Bittracker */;
			targetProxy = 2916D47D1B2D225200937EFE /* PBXContainerItemProxy */;
		};
/* End PBXTargetDependency section */

/* Begin PBXVariantGroup section */
		2916D4701B2D225200937EFE /* Main.storyboard */ = {
			isa = PBXVariantGroup;
			children = (
				2916D4711B2D225200937EFE /* Base */,
			);
			name = Main.storyboard;
			sourceTree = "<group>";
		};
		2916D4751B2D225200937EFE /* LaunchScreen.xib */ = {
			isa = PBXVariantGroup;
			children = (
				2916D4761B2D225200937EFE /* Base */,
			);
			name = LaunchScreen.xib;
			sourceTree = "<group>";
		};
/* End PBXVariantGroup section */

/* Begin XCBuildConfiguration section */
		2916D4841B2D225200937EFE /* Debug */ = {
			isa = XCBuildConfiguration;
			buildSettings = {
				ALWAYS_SEARCH_USER_PATHS = NO;
				CLANG_CXX_LANGUAGE_STANDARD = "gnu++0x";
				CLANG_CXX_LIBRARY = "libc++";
				CLANG_ENABLE_MODULES = YES;
				CLANG_ENABLE_OBJC_ARC = YES;
				CLANG_WARN_BOOL_CONVERSION = YES;
				CLANG_WARN_CONSTANT_CONVERSION = YES;
				CLANG_WARN_DIRECT_OBJC_ISA_USAGE = YES_ERROR;
				CLANG_WARN_EMPTY_BODY = YES;
				CLANG_WARN_ENUM_CONVERSION = YES;
				CLANG_WARN_INT_CONVERSION = YES;
				CLANG_WARN_OBJC_ROOT_CLASS = YES_ERROR;
				CLANG_WARN_UNREACHABLE_CODE = YES;
				CLANG_WARN__DUPLICATE_METHOD_MATCH = YES;
				"CODE_SIGN_IDENTITY[sdk=iphoneos*]" = "iPhone Developer";
				COPY_PHASE_STRIP = NO;
				DEBUG_INFORMATION_FORMAT = "dwarf-with-dsym";
				ENABLE_STRICT_OBJC_MSGSEND = YES;
				GCC_C_LANGUAGE_STANDARD = gnu99;
				GCC_DYNAMIC_NO_PIC = NO;
				GCC_NO_COMMON_BLOCKS = YES;
				GCC_OPTIMIZATION_LEVEL = 0;
				GCC_PREPROCESSOR_DEFINITIONS = (
					"DEBUG=1",
					"$(inherited)",
				);
				GCC_SYMBOLS_PRIVATE_EXTERN = NO;
				GCC_WARN_64_TO_32_BIT_CONVERSION = YES;
				GCC_WARN_ABOUT_RETURN_TYPE = YES_ERROR;
				GCC_WARN_UNDECLARED_SELECTOR = YES;
				GCC_WARN_UNINITIALIZED_AUTOS = YES_AGGRESSIVE;
				GCC_WARN_UNUSED_FUNCTION = YES;
				GCC_WARN_UNUSED_VARIABLE = YES;
				IPHONEOS_DEPLOYMENT_TARGET = 8.3;
				MTL_ENABLE_DEBUG_INFO = YES;
				ONLY_ACTIVE_ARCH = YES;
				SDKROOT = iphoneos;
				SWIFT_OPTIMIZATION_LEVEL = "-Onone";
			};
			name = Debug;
		};
		2916D4851B2D225200937EFE /* Release */ = {
			isa = XCBuildConfiguration;
			buildSettings = {
				ALWAYS_SEARCH_USER_PATHS = NO;
				CLANG_CXX_LANGUAGE_STANDARD = "gnu++0x";
				CLANG_CXX_LIBRARY = "libc++";
				CLANG_ENABLE_MODULES = YES;
				CLANG_ENABLE_OBJC_ARC = YES;
				CLANG_WARN_BOOL_CONVERSION = YES;
				CLANG_WARN_CONSTANT_CONVERSION = YES;
				CLANG_WARN_DIRECT_OBJC_ISA_USAGE = YES_ERROR;
				CLANG_WARN_EMPTY_BODY = YES;
				CLANG_WARN_ENUM_CONVERSION = YES;
				CLANG_WARN_INT_CONVERSION = YES;
				CLANG_WARN_OBJC_ROOT_CLASS = YES_ERROR;
				CLANG_WARN_UNREACHABLE_CODE = YES;
				CLANG_WARN__DUPLICATE_METHOD_MATCH = YES;
				"CODE_SIGN_IDENTITY[sdk=iphoneos*]" = "iPhone Developer";
				COPY_PHASE_STRIP = NO;
				DEBUG_INFORMATION_FORMAT = "dwarf-with-dsym";
				ENABLE_NS_ASSERTIONS = NO;
				ENABLE_STRICT_OBJC_MSGSEND = YES;
				GCC_C_LANGUAGE_STANDARD = gnu99;
				GCC_NO_COMMON_BLOCKS = YES;
				GCC_WARN_64_TO_32_BIT_CONVERSION = YES;
				GCC_WARN_ABOUT_RETURN_TYPE = YES_ERROR;
				GCC_WARN_UNDECLARED_SELECTOR = YES;
				GCC_WARN_UNINITIALIZED_AUTOS = YES_AGGRESSIVE;
				GCC_WARN_UNUSED_FUNCTION = YES;
				GCC_WARN_UNUSED_VARIABLE = YES;
				IPHONEOS_DEPLOYMENT_TARGET = 8.3;
				MTL_ENABLE_DEBUG_INFO = NO;
				SDKROOT = iphoneos;
				VALIDATE_PRODUCT = YES;
			};
			name = Release;
		};
		2916D4871B2D225200937EFE /* Debug */ = {
			isa = XCBuildConfiguration;
			baseConfigurationReference = E5A18395088117B9C8D80349 /* Pods-Bittracker.debug.xcconfig */;
			buildSettings = {
				ASSETCATALOG_COMPILER_APPICON_NAME = AppIcon;
				INFOPLIST_FILE = Bittracker/Info.plist;
				LD_RUNPATH_SEARCH_PATHS = "$(inherited) @executable_path/Frameworks";
				PRODUCT_NAME = "$(TARGET_NAME)";
			};
			name = Debug;
		};
		2916D4881B2D225200937EFE /* Release */ = {
			isa = XCBuildConfiguration;
			baseConfigurationReference = 8B2453CA275195DEE3796D3D /* Pods-Bittracker.release.xcconfig */;
			buildSettings = {
				ASSETCATALOG_COMPILER_APPICON_NAME = AppIcon;
				INFOPLIST_FILE = Bittracker/Info.plist;
				LD_RUNPATH_SEARCH_PATHS = "$(inherited) @executable_path/Frameworks";
				PRODUCT_NAME = "$(TARGET_NAME)";
			};
			name = Release;
		};
		2916D48A1B2D225200937EFE /* Debug */ = {
			isa = XCBuildConfiguration;
			buildSettings = {
				BUNDLE_LOADER = "$(TEST_HOST)";
				FRAMEWORK_SEARCH_PATHS = (
					"$(SDKROOT)/Developer/Library/Frameworks",
					"$(inherited)",
				);
				GCC_PREPROCESSOR_DEFINITIONS = (
					"DEBUG=1",
					"$(inherited)",
				);
				INFOPLIST_FILE = BittrackerTests/Info.plist;
				LD_RUNPATH_SEARCH_PATHS = "$(inherited) @executable_path/Frameworks @loader_path/Frameworks";
				PRODUCT_NAME = "$(TARGET_NAME)";
				TEST_HOST = "$(BUILT_PRODUCTS_DIR)/Bittracker.app/Bittracker";
			};
			name = Debug;
		};
		2916D48B1B2D225200937EFE /* Release */ = {
			isa = XCBuildConfiguration;
			buildSettings = {
				BUNDLE_LOADER = "$(TEST_HOST)";
				FRAMEWORK_SEARCH_PATHS = (
					"$(SDKROOT)/Developer/Library/Frameworks",
					"$(inherited)",
				);
				INFOPLIST_FILE = BittrackerTests/Info.plist;
				LD_RUNPATH_SEARCH_PATHS = "$(inherited) @executable_path/Frameworks @loader_path/Frameworks";
				PRODUCT_NAME = "$(TARGET_NAME)";
				TEST_HOST = "$(BUILT_PRODUCTS_DIR)/Bittracker.app/Bittracker";
			};
			name = Release;
		};
/* End XCBuildConfiguration section */

/* Begin XCConfigurationList section */
		2916D45F1B2D225200937EFE /* Build configuration list for PBXProject "Bittracker" */ = {
			isa = XCConfigurationList;
			buildConfigurations = (
				2916D4841B2D225200937EFE /* Debug */,
				2916D4851B2D225200937EFE /* Release */,
			);
			defaultConfigurationIsVisible = 0;
			defaultConfigurationName = Release;
		};
		2916D4861B2D225200937EFE /* Build configuration list for PBXNativeTarget "Bittracker" */ = {
			isa = XCConfigurationList;
			buildConfigurations = (
				2916D4871B2D225200937EFE /* Debug */,
				2916D4881B2D225200937EFE /* Release */,
			);
			defaultConfigurationIsVisible = 0;
			defaultConfigurationName = Release;
		};
		2916D4891B2D225200937EFE /* Build configuration list for PBXNativeTarget "BittrackerTests" */ = {
			isa = XCConfigurationList;
			buildConfigurations = (
				2916D48A1B2D225200937EFE /* Debug */,
				2916D48B1B2D225200937EFE /* Release */,
			);
			defaultConfigurationIsVisible = 0;
			defaultConfigurationName = Release;
		};
/* End XCConfigurationList section */

/* Begin XCVersionGroup section */
		2916D46B1B2D225200937EFE /* Bittracker.xcdatamodeld */ = {
			isa = XCVersionGroup;
			children = (
				2916D46C1B2D225200937EFE /* Bittracker.xcdatamodel */,
			);
			currentVersion = 2916D46C1B2D225200937EFE /* Bittracker.xcdatamodel */;
			path = Bittracker.xcdatamodeld;
			sourceTree = "<group>";
			versionGroupType = wrapper.xcdatamodel;
		};
/* End XCVersionGroup section */
	};
	rootObject = 2916D45C1B2D225200937EFE /* Project object */;
}
